{
  "name": "analizador-comandos-25914",
  "version": "1.0.0",
  "lockfileVersion": 3,
  "requires": true,
  "packages": {
    "": {
      "name": "analizador-comandos-25914",
      "version": "1.0.0",
      "license": "ISC",
      "dependencies": {
        "antlr4": "^4.13.2"
      }
    },
    "node_modules/antlr4": {
      "version": "4.13.2",
      "license": "BSD-3-Clause",
      "engines": {
        "node": ">=16"
      }
    }
  }
}
